// !$*UTF8*$!
{
	archiveVersion = 1;
	classes = {
	};
	objectVersion = 51;
	objects = {

/* Begin PBXBuildFile section */
		BF0E13D32587C8F7005B5813 /* HomeScreenViewController.swift in Sources */ = {isa = PBXBuildFile; fileRef = BF0E13D22587C8F7005B5813 /* HomeScreenViewController.swift */; };
		BF0E13D62587D59A005B5813 /* LoginScreenViewController.swift in Sources */ = {isa = PBXBuildFile; fileRef = BF0E13D52587D59A005B5813 /* LoginScreenViewController.swift */; };
		BF0E13DA2587DC14005B5813 /* WandelingCell.swift in Sources */ = {isa = PBXBuildFile; fileRef = BF0E13D92587DC14005B5813 /* WandelingCell.swift */; };
		BF3940DB259B9D79007C976C /* Wandeling+CoreDataClass.swift in Sources */ = {isa = PBXBuildFile; fileRef = BF3940D9259B9D79007C976C /* Wandeling+CoreDataClass.swift */; };
		BF3940DC259B9D79007C976C /* Wandeling+CoreDataProperties.swift in Sources */ = {isa = PBXBuildFile; fileRef = BF3940DA259B9D79007C976C /* Wandeling+CoreDataProperties.swift */; };
		BF4D8A1825A61FDE003D4641 /* GoogleService-Info.plist in Resources */ = {isa = PBXBuildFile; fileRef = BF4D8A1725A61FDE003D4641 /* GoogleService-Info.plist */; };
		BF5086752597CD850030BCB2 /* DetailWandelingViewController.swift in Sources */ = {isa = PBXBuildFile; fileRef = BF5086742597CD850030BCB2 /* DetailWandelingViewController.swift */; };
		BF734275257CD9620066E7C2 /* LaunchScreen.storyboard in Resources */ = {isa = PBXBuildFile; fileRef = BF734274257CD9620066E7C2 /* LaunchScreen.storyboard */; };
		BF734279257CDED20066E7C2 /* Main.storyboard in Resources */ = {isa = PBXBuildFile; fileRef = BF734278257CDED20066E7C2 /* Main.storyboard */; };
		BF734282257CEF920066E7C2 /* SceneDelegate.swift in Sources */ = {isa = PBXBuildFile; fileRef = BF734281257CEF920066E7C2 /* SceneDelegate.swift */; };
		BF734286257D0C950066E7C2 /* ViewController.swift in Sources */ = {isa = PBXBuildFile; fileRef = BF734285257D0C950066E7C2 /* ViewController.swift */; };
		BF9F83132534C5CC00EDFF2B /* AppDelegate.swift in Sources */ = {isa = PBXBuildFile; fileRef = BF9F83122534C5CC00EDFF2B /* AppDelegate.swift */; };
		BF9F83172534C5CF00EDFF2B /* Assets.xcassets in Resources */ = {isa = PBXBuildFile; fileRef = BF9F83162534C5CF00EDFF2B /* Assets.xcassets */; };
		BFAB717D25A9DD2000A3BFB5 /* TabBarController.swift in Sources */ = {isa = PBXBuildFile; fileRef = BFAB717C25A9DD2000A3BFB5 /* TabBarController.swift */; };
		BFC04534259A48BE001470D6 /* Locatie.swift in Sources */ = {isa = PBXBuildFile; fileRef = BFC04533259A48BE001470D6 /* Locatie.swift */; };
		BFD6FFDD258BCE4200152F5E /* WandelingModel.xcdatamodeld in Sources */ = {isa = PBXBuildFile; fileRef = BFD6FFDB258BCE4200152F5E /* WandelingModel.xcdatamodeld */; };
		BFFCDAA8258A763100D17F2E /* AddWandelingViewController.swift in Sources */ = {isa = PBXBuildFile; fileRef = BFFCDAA7258A763100D17F2E /* AddWandelingViewController.swift */; };
		CFD1940C2A50D210B83242B2 /* Pods_Damiaa_Wandel_App_iOS.framework in Frameworks */ = {isa = PBXBuildFile; fileRef = 3365C0C496B139AFEDFDB101 /* Pods_Damiaa_Wandel_App_iOS.framework */; };
/* End PBXBuildFile section */

/* Begin PBXFileReference section */
		3365C0C496B139AFEDFDB101 /* Pods_Damiaa_Wandel_App_iOS.framework */ = {isa = PBXFileReference; explicitFileType = wrapper.framework; includeInIndex = 0; path = Pods_Damiaa_Wandel_App_iOS.framework; sourceTree = BUILT_PRODUCTS_DIR; };
		45A86A698601FBEA2207464D /* Pods-Damiaa_Wandel_App_iOS.release.xcconfig */ = {isa = PBXFileReference; includeInIndex = 1; lastKnownFileType = text.xcconfig; name = "Pods-Damiaa_Wandel_App_iOS.release.xcconfig"; path = "Target Support Files/Pods-Damiaa_Wandel_App_iOS/Pods-Damiaa_Wandel_App_iOS.release.xcconfig"; sourceTree = "<group>"; };
		6E1396297BC1955CEA876699 /* Pods-Damiaa_Wandel_App_iOS.debug.xcconfig */ = {isa = PBXFileReference; includeInIndex = 1; lastKnownFileType = text.xcconfig; name = "Pods-Damiaa_Wandel_App_iOS.debug.xcconfig"; path = "Target Support Files/Pods-Damiaa_Wandel_App_iOS/Pods-Damiaa_Wandel_App_iOS.debug.xcconfig"; sourceTree = "<group>"; };
		BF0E13D22587C8F7005B5813 /* HomeScreenViewController.swift */ = {isa = PBXFileReference; lastKnownFileType = sourcecode.swift; path = HomeScreenViewController.swift; sourceTree = "<group>"; };
		BF0E13D52587D59A005B5813 /* LoginScreenViewController.swift */ = {isa = PBXFileReference; lastKnownFileType = sourcecode.swift; path = LoginScreenViewController.swift; sourceTree = "<group>"; };
		BF0E13D92587DC14005B5813 /* WandelingCell.swift */ = {isa = PBXFileReference; lastKnownFileType = sourcecode.swift; path = WandelingCell.swift; sourceTree = "<group>"; };
		BF3940D9259B9D79007C976C /* Wandeling+CoreDataClass.swift */ = {isa = PBXFileReference; lastKnownFileType = sourcecode.swift; path = "Wandeling+CoreDataClass.swift"; sourceTree = "<group>"; };
		BF3940DA259B9D79007C976C /* Wandeling+CoreDataProperties.swift */ = {isa = PBXFileReference; lastKnownFileType = sourcecode.swift; path = "Wandeling+CoreDataProperties.swift"; sourceTree = "<group>"; };
		BF4D8A1725A61FDE003D4641 /* GoogleService-Info.plist */ = {isa = PBXFileReference; fileEncoding = 4; lastKnownFileType = text.plist.xml; name = "GoogleService-Info.plist"; path = "../../../../Downloads/GoogleService-Info.plist"; sourceTree = "<group>"; };
		BF5086742597CD850030BCB2 /* DetailWandelingViewController.swift */ = {isa = PBXFileReference; lastKnownFileType = sourcecode.swift; path = DetailWandelingViewController.swift; sourceTree = "<group>"; };
		BF734274257CD9620066E7C2 /* LaunchScreen.storyboard */ = {isa = PBXFileReference; lastKnownFileType = file.storyboard; path = LaunchScreen.storyboard; sourceTree = "<group>"; };
		BF734278257CDED20066E7C2 /* Main.storyboard */ = {isa = PBXFileReference; lastKnownFileType = file.storyboard; path = Main.storyboard; sourceTree = "<group>"; };
		BF734281257CEF920066E7C2 /* SceneDelegate.swift */ = {isa = PBXFileReference; lastKnownFileType = sourcecode.swift; path = SceneDelegate.swift; sourceTree = "<group>"; };
		BF734285257D0C950066E7C2 /* ViewController.swift */ = {isa = PBXFileReference; lastKnownFileType = sourcecode.swift; path = ViewController.swift; sourceTree = "<group>"; };
		BF9F830F2534C5CC00EDFF2B /* Damiaa_Wandel_App_iOS.app */ = {isa = PBXFileReference; explicitFileType = wrapper.application; includeInIndex = 0; path = Damiaa_Wandel_App_iOS.app; sourceTree = BUILT_PRODUCTS_DIR; };
		BF9F83122534C5CC00EDFF2B /* AppDelegate.swift */ = {isa = PBXFileReference; lastKnownFileType = sourcecode.swift; path = AppDelegate.swift; sourceTree = "<group>"; };
		BF9F83162534C5CF00EDFF2B /* Assets.xcassets */ = {isa = PBXFileReference; lastKnownFileType = folder.assetcatalog; path = Assets.xcassets; sourceTree = "<group>"; };
		BF9F831B2534C5CF00EDFF2B /* Info.plist */ = {isa = PBXFileReference; lastKnownFileType = text.plist.xml; path = Info.plist; sourceTree = "<group>"; };
		BFAB717C25A9DD2000A3BFB5 /* TabBarController.swift */ = {isa = PBXFileReference; lastKnownFileType = sourcecode.swift; path = TabBarController.swift; sourceTree = "<group>"; };
		BFC04533259A48BE001470D6 /* Locatie.swift */ = {isa = PBXFileReference; lastKnownFileType = sourcecode.swift; path = Locatie.swift; sourceTree = "<group>"; };
		BFD6FFDC258BCE4200152F5E /* WandelingModel.xcdatamodel */ = {isa = PBXFileReference; lastKnownFileType = wrapper.xcdatamodel; path = WandelingModel.xcdatamodel; sourceTree = "<group>"; };
		BFFCDAA7258A763100D17F2E /* AddWandelingViewController.swift */ = {isa = PBXFileReference; lastKnownFileType = sourcecode.swift; path = AddWandelingViewController.swift; sourceTree = "<group>"; };
/* End PBXFileReference section */

/* Begin PBXFrameworksBuildPhase section */
		BF9F830C2534C5CC00EDFF2B /* Frameworks */ = {
			isa = PBXFrameworksBuildPhase;
			buildActionMask = 2147483647;
			files = (
				CFD1940C2A50D210B83242B2 /* Pods_Damiaa_Wandel_App_iOS.framework in Frameworks */,
			);
			runOnlyForDeploymentPostprocessing = 0;
		};
/* End PBXFrameworksBuildPhase section */

/* Begin PBXGroup section */
		52EFB1D8947BEB25C91E6FF4 /* Pods */ = {
			isa = PBXGroup;
			children = (
				6E1396297BC1955CEA876699 /* Pods-Damiaa_Wandel_App_iOS.debug.xcconfig */,
				45A86A698601FBEA2207464D /* Pods-Damiaa_Wandel_App_iOS.release.xcconfig */,
			);
			path = Pods;
			sourceTree = "<group>";
		};
		BF0E13D12587C8B9005B5813 /* ViewControllers */ = {
			isa = PBXGroup;
			children = (
				BF0E13D22587C8F7005B5813 /* HomeScreenViewController.swift */,
				BF0E13D52587D59A005B5813 /* LoginScreenViewController.swift */,
				BFFCDAA7258A763100D17F2E /* AddWandelingViewController.swift */,
				BF5086742597CD850030BCB2 /* DetailWandelingViewController.swift */,
				BFAB717C25A9DD2000A3BFB5 /* TabBarController.swift */,
			);
			path = ViewControllers;
			sourceTree = "<group>";
		};
		BF0E13D82587DBDA005B5813 /* Special views */ = {
			isa = PBXGroup;
			children = (
				BF0E13D92587DC14005B5813 /* WandelingCell.swift */,
			);
			path = "Special views";
			sourceTree = "<group>";
		};
		BF12B05B2586143A0026A786 /* Models */ = {
			isa = PBXGroup;
			children = (
				BF3940D9259B9D79007C976C /* Wandeling+CoreDataClass.swift */,
				BF3940DA259B9D79007C976C /* Wandeling+CoreDataProperties.swift */,
				BFC04533259A48BE001470D6 /* Locatie.swift */,
			);
			name = Models;
			sourceTree = "<group>";
		};
		BF12B05C258614600026A786 /* Views */ = {
			isa = PBXGroup;
			children = (
				BF734278257CDED20066E7C2 /* Main.storyboard */,
			);
			path = Views;
			sourceTree = "<group>";
		};
		BF12B095258627240026A786 /* DataModel */ = {
			isa = PBXGroup;
			children = (
				BFD6FFDB258BCE4200152F5E /* WandelingModel.xcdatamodeld */,
			);
			path = DataModel;
			sourceTree = "<group>";
		};
		BF9F83062534C5CC00EDFF2B = {
			isa = PBXGroup;
			children = (
				BF9F83112534C5CC00EDFF2B /* Damiaa_Wandel_App_iOS */,
				BF9F83102534C5CC00EDFF2B /* Products */,
				52EFB1D8947BEB25C91E6FF4 /* Pods */,
				F26809CDAA4FC87FFA8DA33A /* Frameworks */,
			);
			sourceTree = "<group>";
		};
		BF9F83102534C5CC00EDFF2B /* Products */ = {
			isa = PBXGroup;
			children = (
				BF9F830F2534C5CC00EDFF2B /* Damiaa_Wandel_App_iOS.app */,
			);
			name = Products;
			sourceTree = "<group>";
		};
		BF9F83112534C5CC00EDFF2B /* Damiaa_Wandel_App_iOS */ = {
			isa = PBXGroup;
			children = (
				BF0E13D82587DBDA005B5813 /* Special views */,
				BF0E13D12587C8B9005B5813 /* ViewControllers */,
				BF12B095258627240026A786 /* DataModel */,
				BF12B05C258614600026A786 /* Views */,
				BF12B05B2586143A0026A786 /* Models */,
				BF9F83122534C5CC00EDFF2B /* AppDelegate.swift */,
				BF734281257CEF920066E7C2 /* SceneDelegate.swift */,
				BF734285257D0C950066E7C2 /* ViewController.swift */,
				BF9F83162534C5CF00EDFF2B /* Assets.xcassets */,
				BF9F831B2534C5CF00EDFF2B /* Info.plist */,
				BF4D8A1725A61FDE003D4641 /* GoogleService-Info.plist */,
				BF734274257CD9620066E7C2 /* LaunchScreen.storyboard */,
			);
			path = Damiaa_Wandel_App_iOS;
			sourceTree = "<group>";
		};
		F26809CDAA4FC87FFA8DA33A /* Frameworks */ = {
			isa = PBXGroup;
			children = (
				3365C0C496B139AFEDFDB101 /* Pods_Damiaa_Wandel_App_iOS.framework */,
			);
			name = Frameworks;
			sourceTree = "<group>";
		};
/* End PBXGroup section */

/* Begin PBXNativeTarget section */
		BF9F830E2534C5CC00EDFF2B /* Damiaa_Wandel_App_iOS */ = {
			isa = PBXNativeTarget;
			buildConfigurationList = BF9F831E2534C5CF00EDFF2B /* Build configuration list for PBXNativeTarget "Damiaa_Wandel_App_iOS" */;
			buildPhases = (
				95E1770233DCCB2FA4799B47 /* [CP] Check Pods Manifest.lock */,
				BF9F830B2534C5CC00EDFF2B /* Sources */,
				BF9F830C2534C5CC00EDFF2B /* Frameworks */,
				BF9F830D2534C5CC00EDFF2B /* Resources */,
				FEC068731DAD97807DAF4FCF /* [CP] Embed Pods Frameworks */,
			);
			buildRules = (
			);
			dependencies = (
			);
			name = Damiaa_Wandel_App_iOS;
			productName = Damiaa_Wandel_App_iOS;
			productReference = BF9F830F2534C5CC00EDFF2B /* Damiaa_Wandel_App_iOS.app */;
			productType = "com.apple.product-type.application";
		};
/* End PBXNativeTarget section */

/* Begin PBXProject section */
		BF9F83072534C5CC00EDFF2B /* Project object */ = {
			isa = PBXProject;
			attributes = {
				LastSwiftUpdateCheck = 1200;
				LastUpgradeCheck = 1200;
				TargetAttributes = {
					BF9F830E2534C5CC00EDFF2B = {
						CreatedOnToolsVersion = 12.0.1;
					};
				};
			};
			buildConfigurationList = BF9F830A2534C5CC00EDFF2B /* Build configuration list for PBXProject "Damiaa_Wandel_App_iOS" */;
			compatibilityVersion = "Xcode 9.3";
			developmentRegion = en;
			hasScannedForEncodings = 0;
			knownRegions = (
				en,
				Base,
			);
			mainGroup = BF9F83062534C5CC00EDFF2B;
			productRefGroup = BF9F83102534C5CC00EDFF2B /* Products */;
			projectDirPath = "";
			projectRoot = "";
			targets = (
				BF9F830E2534C5CC00EDFF2B /* Damiaa_Wandel_App_iOS */,
			);
		};
/* End PBXProject section */

/* Begin PBXResourcesBuildPhase section */
		BF9F830D2534C5CC00EDFF2B /* Resources */ = {
			isa = PBXResourcesBuildPhase;
			buildActionMask = 2147483647;
			files = (
				BF9F83172534C5CF00EDFF2B /* Assets.xcassets in Resources */,
				BF4D8A1825A61FDE003D4641 /* GoogleService-Info.plist in Resources */,
				BF734275257CD9620066E7C2 /* LaunchScreen.storyboard in Resources */,
				BF734279257CDED20066E7C2 /* Main.storyboard in Resources */,
			);
			runOnlyForDeploymentPostprocessing = 0;
		};
/* End PBXResourcesBuildPhase section */

/* Begin PBXShellScriptBuildPhase section */
		95E1770233DCCB2FA4799B47 /* [CP] Check Pods Manifest.lock */ = {
			isa = PBXShellScriptBuildPhase;
			buildActionMask = 2147483647;
			files = (
			);
			inputFileListPaths = (
			);
			inputPaths = (
				"${PODS_PODFILE_DIR_PATH}/Podfile.lock",
				"${PODS_ROOT}/Manifest.lock",
			);
			name = "[CP] Check Pods Manifest.lock";
			outputFileListPaths = (
			);
			outputPaths = (
				"$(DERIVED_FILE_DIR)/Pods-Damiaa_Wandel_App_iOS-checkManifestLockResult.txt",
			);
			runOnlyForDeploymentPostprocessing = 0;
			shellPath = /bin/sh;
			shellScript = "diff \"${PODS_PODFILE_DIR_PATH}/Podfile.lock\" \"${PODS_ROOT}/Manifest.lock\" > /dev/null\nif [ $? != 0 ] ; then\n    # print error to STDERR\n    echo \"error: The sandbox is not in sync with the Podfile.lock. Run 'pod install' or update your CocoaPods installation.\" >&2\n    exit 1\nfi\n# This output is used by Xcode 'outputs' to avoid re-running this script phase.\necho \"SUCCESS\" > \"${SCRIPT_OUTPUT_FILE_0}\"\n";
			showEnvVarsInLog = 0;
		};
		FEC068731DAD97807DAF4FCF /* [CP] Embed Pods Frameworks */ = {
			isa = PBXShellScriptBuildPhase;
			buildActionMask = 2147483647;
			files = (
			);
			inputFileListPaths = (
				"${PODS_ROOT}/Target Support Files/Pods-Damiaa_Wandel_App_iOS/Pods-Damiaa_Wandel_App_iOS-frameworks-${CONFIGURATION}-input-files.xcfilelist",
			);
			name = "[CP] Embed Pods Frameworks";
			outputFileListPaths = (
				"${PODS_ROOT}/Target Support Files/Pods-Damiaa_Wandel_App_iOS/Pods-Damiaa_Wandel_App_iOS-frameworks-${CONFIGURATION}-output-files.xcfilelist",
			);
			runOnlyForDeploymentPostprocessing = 0;
			shellPath = /bin/sh;
			shellScript = "\"${PODS_ROOT}/Target Support Files/Pods-Damiaa_Wandel_App_iOS/Pods-Damiaa_Wandel_App_iOS-frameworks.sh\"\n";
			showEnvVarsInLog = 0;
		};
/* End PBXShellScriptBuildPhase section */

/* Begin PBXSourcesBuildPhase section */
		BF9F830B2534C5CC00EDFF2B /* Sources */ = {
			isa = PBXSourcesBuildPhase;
			buildActionMask = 2147483647;
			files = (
				BF3940DC259B9D79007C976C /* Wandeling+CoreDataProperties.swift in Sources */,
				BFFCDAA8258A763100D17F2E /* AddWandelingViewController.swift in Sources */,
				BF3940DB259B9D79007C976C /* Wandeling+CoreDataClass.swift in Sources */,
				BF0E13D32587C8F7005B5813 /* HomeScreenViewController.swift in Sources */,
				BF0E13D62587D59A005B5813 /* LoginScreenViewController.swift in Sources */,
				BF734286257D0C950066E7C2 /* ViewController.swift in Sources */,
				BF9F83132534C5CC00EDFF2B /* AppDelegate.swift in Sources */,
				BFAB717D25A9DD2000A3BFB5 /* TabBarController.swift in Sources */,
				BFD6FFDD258BCE4200152F5E /* WandelingModel.xcdatamodeld in Sources */,
				BF5086752597CD850030BCB2 /* DetailWandelingViewController.swift in Sources */,
				BF0E13DA2587DC14005B5813 /* WandelingCell.swift in Sources */,
				BF734282257CEF920066E7C2 /* SceneDelegate.swift in Sources */,
				BFC04534259A48BE001470D6 /* Locatie.swift in Sources */,
			);
			runOnlyForDeploymentPostprocessing = 0;
		};
/* End PBXSourcesBuildPhase section */

/* Begin XCBuildConfiguration section */
		BF9F831C2534C5CF00EDFF2B /* Debug */ = {
			isa = XCBuildConfiguration;
			buildSettings = {
				ALWAYS_SEARCH_USER_PATHS = NO;
				CLANG_ANALYZER_NONNULL = YES;
				CLANG_ANALYZER_NUMBER_OBJECT_CONVERSION = YES_AGGRESSIVE;
				CLANG_CXX_LANGUAGE_STANDARD = "gnu++14";
				CLANG_CXX_LIBRARY = "libc++";
				CLANG_ENABLE_MODULES = YES;
				CLANG_ENABLE_OBJC_ARC = YES;
				CLANG_ENABLE_OBJC_WEAK = YES;
				CLANG_WARN_BLOCK_CAPTURE_AUTORELEASING = YES;
				CLANG_WARN_BOOL_CONVERSION = YES;
				CLANG_WARN_COMMA = YES;
				CLANG_WARN_CONSTANT_CONVERSION = YES;
				CLANG_WARN_DEPRECATED_OBJC_IMPLEMENTATIONS = YES;
				CLANG_WARN_DIRECT_OBJC_ISA_USAGE = YES_ERROR;
				CLANG_WARN_DOCUMENTATION_COMMENTS = YES;
				CLANG_WARN_EMPTY_BODY = YES;
				CLANG_WARN_ENUM_CONVERSION = YES;
				CLANG_WARN_INFINITE_RECURSION = YES;
				CLANG_WARN_INT_CONVERSION = YES;
				CLANG_WARN_NON_LITERAL_NULL_CONVERSION = YES;
				CLANG_WARN_OBJC_IMPLICIT_RETAIN_SELF = YES;
				CLANG_WARN_OBJC_LITERAL_CONVERSION = YES;
				CLANG_WARN_OBJC_ROOT_CLASS = YES_ERROR;
				CLANG_WARN_QUOTED_INCLUDE_IN_FRAMEWORK_HEADER = YES;
				CLANG_WARN_RANGE_LOOP_ANALYSIS = YES;
				CLANG_WARN_STRICT_PROTOTYPES = YES;
				CLANG_WARN_SUSPICIOUS_MOVE = YES;
				CLANG_WARN_UNGUARDED_AVAILABILITY = YES_AGGRESSIVE;
				CLANG_WARN_UNREACHABLE_CODE = YES;
				CLANG_WARN__DUPLICATE_METHOD_MATCH = YES;
				COPY_PHASE_STRIP = NO;
				DEBUG_INFORMATION_FORMAT = dwarf;
				ENABLE_STRICT_OBJC_MSGSEND = YES;
				ENABLE_TESTABILITY = YES;
				GCC_C_LANGUAGE_STANDARD = gnu11;
				GCC_DYNAMIC_NO_PIC = NO;
				GCC_NO_COMMON_BLOCKS = YES;
				GCC_OPTIMIZATION_LEVEL = 0;
				GCC_PREPROCESSOR_DEFINITIONS = (
					"DEBUG=1",
					"$(inherited)",
				);
				GCC_WARN_64_TO_32_BIT_CONVERSION = YES;
				GCC_WARN_ABOUT_RETURN_TYPE = YES_ERROR;
				GCC_WARN_UNDECLARED_SELECTOR = YES;
				GCC_WARN_UNINITIALIZED_AUTOS = YES_AGGRESSIVE;
				GCC_WARN_UNUSED_FUNCTION = YES;
				GCC_WARN_UNUSED_VARIABLE = YES;
				IPHONEOS_DEPLOYMENT_TARGET = 14.0;
				MTL_ENABLE_DEBUG_INFO = INCLUDE_SOURCE;
				MTL_FAST_MATH = YES;
				ONLY_ACTIVE_ARCH = YES;
				SDKROOT = iphoneos;
				SWIFT_ACTIVE_COMPILATION_CONDITIONS = DEBUG;
				SWIFT_OPTIMIZATION_LEVEL = "-Onone";
				SWIFT_VERSION = 4.0;
			};
			name = Debug;
		};
		BF9F831D2534C5CF00EDFF2B /* Release */ = {
			isa = XCBuildConfiguration;
			buildSettings = {
				ALWAYS_SEARCH_USER_PATHS = NO;
				CLANG_ANALYZER_NONNULL = YES;
				CLANG_ANALYZER_NUMBER_OBJECT_CONVERSION = YES_AGGRESSIVE;
				CLANG_CXX_LANGUAGE_STANDARD = "gnu++14";
				CLANG_CXX_LIBRARY = "libc++";
				CLANG_ENABLE_MODULES = YES;
				CLANG_ENABLE_OBJC_ARC = YES;
				CLANG_ENABLE_OBJC_WEAK = YES;
				CLANG_WARN_BLOCK_CAPTURE_AUTORELEASING = YES;
				CLANG_WARN_BOOL_CONVERSION = YES;
				CLANG_WARN_COMMA = YES;
				CLANG_WARN_CONSTANT_CONVERSION = YES;
				CLANG_WARN_DEPRECATED_OBJC_IMPLEMENTATIONS = YES;
				CLANG_WARN_DIRECT_OBJC_ISA_USAGE = YES_ERROR;
				CLANG_WARN_DOCUMENTATION_COMMENTS = YES;
				CLANG_WARN_EMPTY_BODY = YES;
				CLANG_WARN_ENUM_CONVERSION = YES;
				CLANG_WARN_INFINITE_RECURSION = YES;
				CLANG_WARN_INT_CONVERSION = YES;
				CLANG_WARN_NON_LITERAL_NULL_CONVERSION = YES;
				CLANG_WARN_OBJC_IMPLICIT_RETAIN_SELF = YES;
				CLANG_WARN_OBJC_LITERAL_CONVERSION = YES;
				CLANG_WARN_OBJC_ROOT_CLASS = YES_ERROR;
				CLANG_WARN_QUOTED_INCLUDE_IN_FRAMEWORK_HEADER = YES;
				CLANG_WARN_RANGE_LOOP_ANALYSIS = YES;
				CLANG_WARN_STRICT_PROTOTYPES = YES;
				CLANG_WARN_SUSPICIOUS_MOVE = YES;
				CLANG_WARN_UNGUARDED_AVAILABILITY = YES_AGGRESSIVE;
				CLANG_WARN_UNREACHABLE_CODE = YES;
				CLANG_WARN__DUPLICATE_METHOD_MATCH = YES;
				COPY_PHASE_STRIP = NO;
				DEBUG_INFORMATION_FORMAT = "dwarf-with-dsym";
				ENABLE_NS_ASSERTIONS = NO;
				ENABLE_STRICT_OBJC_MSGSEND = YES;
				GCC_C_LANGUAGE_STANDARD = gnu11;
				GCC_NO_COMMON_BLOCKS = YES;
				GCC_WARN_64_TO_32_BIT_CONVERSION = YES;
				GCC_WARN_ABOUT_RETURN_TYPE = YES_ERROR;
				GCC_WARN_UNDECLARED_SELECTOR = YES;
				GCC_WARN_UNINITIALIZED_AUTOS = YES_AGGRESSIVE;
				GCC_WARN_UNUSED_FUNCTION = YES;
				GCC_WARN_UNUSED_VARIABLE = YES;
				IPHONEOS_DEPLOYMENT_TARGET = 14.0;
				MTL_ENABLE_DEBUG_INFO = NO;
				MTL_FAST_MATH = YES;
				SDKROOT = iphoneos;
				SWIFT_COMPILATION_MODE = wholemodule;
				SWIFT_OPTIMIZATION_LEVEL = "-O";
				SWIFT_VERSION = 4.0;
				VALIDATE_PRODUCT = YES;
			};
			name = Release;
		};
		BF9F831F2534C5CF00EDFF2B /* Debug */ = {
			isa = XCBuildConfiguration;
			baseConfigurationReference = 6E1396297BC1955CEA876699 /* Pods-Damiaa_Wandel_App_iOS.debug.xcconfig */;
			buildSettings = {
				ASSETCATALOG_COMPILER_APPICON_NAME = AppIcon;
				ASSETCATALOG_COMPILER_GLOBAL_ACCENT_COLOR_NAME = AccentColor;
				CODE_SIGN_STYLE = Automatic;
				DEVELOPMENT_ASSET_PATHS = "";
				ENABLE_PREVIEWS = YES;
				INFOPLIST_FILE = Damiaa_Wandel_App_iOS/Info.plist;
				IPHONEOS_DEPLOYMENT_TARGET = 14.0;
				LD_RUNPATH_SEARCH_PATHS = (
					"$(inherited)",
					"@executable_path/Frameworks",
				);
				PRODUCT_BUNDLE_IDENTIFIER = "com.TanguyBouckaert.Damiaa-Wandel-App-iOS";
				PRODUCT_NAME = "$(TARGET_NAME)";
				SWIFT_VERSION = 5.0;
				TARGETED_DEVICE_FAMILY = "1,2";
			};
			name = Debug;
		};
		BF9F83202534C5CF00EDFF2B /* Release */ = {
			isa = XCBuildConfiguration;
			baseConfigurationReference = 45A86A698601FBEA2207464D /* Pods-Damiaa_Wandel_App_iOS.release.xcconfig */;
			buildSettings = {
				ASSETCATALOG_COMPILER_APPICON_NAME = AppIcon;
				ASSETCATALOG_COMPILER_GLOBAL_ACCENT_COLOR_NAME = AccentColor;
				CODE_SIGN_STYLE = Automatic;
				DEVELOPMENT_ASSET_PATHS = "";
				ENABLE_PREVIEWS = YES;
				INFOPLIST_FILE = Damiaa_Wandel_App_iOS/Info.plist;
				IPHONEOS_DEPLOYMENT_TARGET = 14.0;
				LD_RUNPATH_SEARCH_PATHS = (
					"$(inherited)",
					"@executable_path/Frameworks",
				);
				PRODUCT_BUNDLE_IDENTIFIER = "com.TanguyBouckaert.Damiaa-Wandel-App-iOS";
				PRODUCT_NAME = "$(TARGET_NAME)";
				SWIFT_VERSION = 5.0;
				TARGETED_DEVICE_FAMILY = "1,2";
			};
			name = Release;
		};
/* End XCBuildConfiguration section */

/* Begin XCConfigurationList section */
		BF9F830A2534C5CC00EDFF2B /* Build configuration list for PBXProject "Damiaa_Wandel_App_iOS" */ = {
			isa = XCConfigurationList;
			buildConfigurations = (
				BF9F831C2534C5CF00EDFF2B /* Debug */,
				BF9F831D2534C5CF00EDFF2B /* Release */,
			);
			defaultConfigurationIsVisible = 0;
			defaultConfigurationName = Release;
		};
		BF9F831E2534C5CF00EDFF2B /* Build configuration list for PBXNativeTarget "Damiaa_Wandel_App_iOS" */ = {
			isa = XCConfigurationList;
			buildConfigurations = (
				BF9F831F2534C5CF00EDFF2B /* Debug */,
				BF9F83202534C5CF00EDFF2B /* Release */,
			);
			defaultConfigurationIsVisible = 0;
			defaultConfigurationName = Release;
		};
/* End XCConfigurationList section */

/* Begin XCVersionGroup section */
		BFD6FFDB258BCE4200152F5E /* WandelingModel.xcdatamodeld */ = {
			isa = XCVersionGroup;
			children = (
				BFD6FFDC258BCE4200152F5E /* WandelingModel.xcdatamodel */,
			);
			currentVersion = BFD6FFDC258BCE4200152F5E /* WandelingModel.xcdatamodel */;
			path = WandelingModel.xcdatamodeld;
			sourceTree = "<group>";
			versionGroupType = wrapper.xcdatamodel;
		};
/* End XCVersionGroup section */
	};
	rootObject = BF9F83072534C5CC00EDFF2B /* Project object */;
}
