// !$*UTF8*$!
{
	archiveVersion = 1;
	classes = {
	};
	objectVersion = 50;
	objects = {

/* Begin PBXBuildFile section */
		BF12B05E2586149B0026A786 /* DatabaseController.swift in Sources */ = {isa = PBXBuildFile; fileRef = BF12B05D2586149B0026A786 /* DatabaseController.swift */; };
		BF12B062258614AF0026A786 /* NetworkController.swift in Sources */ = {isa = PBXBuildFile; fileRef = BF12B061258614AF0026A786 /* NetworkController.swift */; };
		BF12B0652586152E0026A786 /* Wandeling.swift in Sources */ = {isa = PBXBuildFile; fileRef = BF12B0642586152E0026A786 /* Wandeling.swift */; };
		BF12B068258615550026A786 /* WandelingOverzicht.swift in Sources */ = {isa = PBXBuildFile; fileRef = BF12B067258615550026A786 /* WandelingOverzicht.swift */; };
		BF734275257CD9620066E7C2 /* LaunchScreen.storyboard in Resources */ = {isa = PBXBuildFile; fileRef = BF734274257CD9620066E7C2 /* LaunchScreen.storyboard */; };
		BF734279257CDED20066E7C2 /* Main.storyboard in Resources */ = {isa = PBXBuildFile; fileRef = BF734278257CDED20066E7C2 /* Main.storyboard */; };
		BF734282257CEF920066E7C2 /* SceneDelegate.swift in Sources */ = {isa = PBXBuildFile; fileRef = BF734281257CEF920066E7C2 /* SceneDelegate.swift */; };
		BF734286257D0C950066E7C2 /* ViewController.swift in Sources */ = {isa = PBXBuildFile; fileRef = BF734285257D0C950066E7C2 /* ViewController.swift */; };
		BF9F83132534C5CC00EDFF2B /* AppDelegate.swift in Sources */ = {isa = PBXBuildFile; fileRef = BF9F83122534C5CC00EDFF2B /* AppDelegate.swift */; };
		BF9F83172534C5CF00EDFF2B /* Assets.xcassets in Resources */ = {isa = PBXBuildFile; fileRef = BF9F83162534C5CF00EDFF2B /* Assets.xcassets */; };
/* End PBXBuildFile section */

/* Begin PBXFileReference section */
		BF12B05D2586149B0026A786 /* DatabaseController.swift */ = {isa = PBXFileReference; lastKnownFileType = sourcecode.swift; path = DatabaseController.swift; sourceTree = "<group>"; };
		BF12B061258614AF0026A786 /* NetworkController.swift */ = {isa = PBXFileReference; lastKnownFileType = sourcecode.swift; path = NetworkController.swift; sourceTree = "<group>"; };
		BF12B0642586152E0026A786 /* Wandeling.swift */ = {isa = PBXFileReference; lastKnownFileType = sourcecode.swift; path = Wandeling.swift; sourceTree = "<group>"; };
		BF12B067258615550026A786 /* WandelingOverzicht.swift */ = {isa = PBXFileReference; lastKnownFileType = sourcecode.swift; path = WandelingOverzicht.swift; sourceTree = "<group>"; };
		BF734274257CD9620066E7C2 /* LaunchScreen.storyboard */ = {isa = PBXFileReference; lastKnownFileType = file.storyboard; path = LaunchScreen.storyboard; sourceTree = "<group>"; };
		BF734278257CDED20066E7C2 /* Main.storyboard */ = {isa = PBXFileReference; lastKnownFileType = file.storyboard; path = Main.storyboard; sourceTree = "<group>"; };
		BF734281257CEF920066E7C2 /* SceneDelegate.swift */ = {isa = PBXFileReference; lastKnownFileType = sourcecode.swift; path = SceneDelegate.swift; sourceTree = "<group>"; };
		BF734285257D0C950066E7C2 /* ViewController.swift */ = {isa = PBXFileReference; lastKnownFileType = sourcecode.swift; path = ViewController.swift; sourceTree = "<group>"; };
		BF9F830F2534C5CC00EDFF2B /* Damiaa_Wandel_App_iOS.app */ = {isa = PBXFileReference; explicitFileType = wrapper.application; includeInIndex = 0; path = Damiaa_Wandel_App_iOS.app; sourceTree = BUILT_PRODUCTS_DIR; };
		BF9F83122534C5CC00EDFF2B /* AppDelegate.swift */ = {isa = PBXFileReference; lastKnownFileType = sourcecode.swift; path = AppDelegate.swift; sourceTree = "<group>"; };
		BF9F83162534C5CF00EDFF2B /* Assets.xcassets */ = {isa = PBXFileReference; lastKnownFileType = folder.assetcatalog; path = Assets.xcassets; sourceTree = "<group>"; };
		BF9F831B2534C5CF00EDFF2B /* Info.plist */ = {isa = PBXFileReference; lastKnownFileType = text.plist.xml; path = Info.plist; sourceTree = "<group>"; };
/* End PBXFileReference section */

/* Begin PBXFrameworksBuildPhase section */
		BF9F830C2534C5CC00EDFF2B /* Frameworks */ = {
			isa = PBXFrameworksBuildPhase;
			buildActionMask = 2147483647;
			files = (
			);
			runOnlyForDeploymentPostprocessing = 0;
		};
/* End PBXFrameworksBuildPhase section */

/* Begin PBXGroup section */
		BF12B059258614170026A786 /* Controllers */ = {
			isa = PBXGroup;
			children = (
				BF12B05D2586149B0026A786 /* DatabaseController.swift */,
				BF12B061258614AF0026A786 /* NetworkController.swift */,
			);
			path = Controllers;
			sourceTree = "<group>";
		};
		BF12B05B2586143A0026A786 /* Models */ = {
			isa = PBXGroup;
			children = (
				BF12B0642586152E0026A786 /* Wandeling.swift */,
				BF12B067258615550026A786 /* WandelingOverzicht.swift */,
			);
			name = Models;
			sourceTree = "<group>";
		};
		BF12B05C258614600026A786 /* Views */ = {
			isa = PBXGroup;
			children = (
			);
			path = Views;
			sourceTree = "<group>";
		};
		BF12B095258627240026A786 /* DataModel */ = {
			isa = PBXGroup;
			children = (
			);
			path = DataModel;
			sourceTree = "<group>";
		};
		BF9F83062534C5CC00EDFF2B = {
			isa = PBXGroup;
			children = (
				BF9F83112534C5CC00EDFF2B /* Damiaa_Wandel_App_iOS */,
				BF9F83102534C5CC00EDFF2B /* Products */,
			);
			sourceTree = "<group>";
		};
		BF9F83102534C5CC00EDFF2B /* Products */ = {
			isa = PBXGroup;
			children = (
				BF9F830F2534C5CC00EDFF2B /* Damiaa_Wandel_App_iOS.app */,
			);
			name = Products;
			sourceTree = "<group>";
		};
		BF9F83112534C5CC00EDFF2B /* Damiaa_Wandel_App_iOS */ = {
			isa = PBXGroup;
			children = (
				BF12B095258627240026A786 /* DataModel */,
				BF12B05C258614600026A786 /* Views */,
				BF12B05B2586143A0026A786 /* Models */,
				BF12B059258614170026A786 /* Controllers */,
				BF9F83122534C5CC00EDFF2B /* AppDelegate.swift */,
				BF734281257CEF920066E7C2 /* SceneDelegate.swift */,
				BF734285257D0C950066E7C2 /* ViewController.swift */,
				BF9F83162534C5CF00EDFF2B /* Assets.xcassets */,
				BF9F831B2534C5CF00EDFF2B /* Info.plist */,
				BF734274257CD9620066E7C2 /* LaunchScreen.storyboard */,
				BF734278257CDED20066E7C2 /* Main.storyboard */,
			);
			path = Damiaa_Wandel_App_iOS;
			sourceTree = "<group>";
		};
/* End PBXGroup section */

/* Begin PBXNativeTarget section */
		BF9F830E2534C5CC00EDFF2B /* Damiaa_Wandel_App_iOS */ = {
			isa = PBXNativeTarget;
			buildConfigurationList = BF9F831E2534C5CF00EDFF2B /* Build configuration list for PBXNativeTarget "Damiaa_Wandel_App_iOS" */;
			buildPhases = (
				BF9F830B2534C5CC00EDFF2B /* Sources */,
				BF9F830C2534C5CC00EDFF2B /* Frameworks */,
				BF9F830D2534C5CC00EDFF2B /* Resources */,
			);
			buildRules = (
			);
			dependencies = (
			);
			name = Damiaa_Wandel_App_iOS;
			productName = Damiaa_Wandel_App_iOS;
			productReference = BF9F830F2534C5CC00EDFF2B /* Damiaa_Wandel_App_iOS.app */;
			productType = "com.apple.product-type.application";
		};
/* End PBXNativeTarget section */

/* Begin PBXProject section */
		BF9F83072534C5CC00EDFF2B /* Project object */ = {
			isa = PBXProject;
			attributes = {
				LastSwiftUpdateCheck = 1200;
				LastUpgradeCheck = 1200;
				TargetAttributes = {
					BF9F830E2534C5CC00EDFF2B = {
						CreatedOnToolsVersion = 12.0.1;
					};
				};
			};
			buildConfigurationList = BF9F830A2534C5CC00EDFF2B /* Build configuration list for PBXProject "Damiaa_Wandel_App_iOS" */;
			compatibilityVersion = "Xcode 9.3";
			developmentRegion = en;
			hasScannedForEncodings = 0;
			knownRegions = (
				en,
				Base,
			);
			mainGroup = BF9F83062534C5CC00EDFF2B;
			productRefGroup = BF9F83102534C5CC00EDFF2B /* Products */;
			projectDirPath = "";
			projectRoot = "";
			targets = (
				BF9F830E2534C5CC00EDFF2B /* Damiaa_Wandel_App_iOS */,
			);
		};
/* End PBXProject section */

/* Begin PBXResourcesBuildPhase section */
		BF9F830D2534C5CC00EDFF2B /* Resources */ = {
			isa = PBXResourcesBuildPhase;
			buildActionMask = 2147483647;
			files = (
				BF9F83172534C5CF00EDFF2B /* Assets.xcassets in Resources */,
				BF734275257CD9620066E7C2 /* LaunchScreen.storyboard in Resources */,
				BF734279257CDED20066E7C2 /* Main.storyboard in Resources */,
			);
			runOnlyForDeploymentPostprocessing = 0;
		};
/* End PBXResourcesBuildPhase section */

/* Begin PBXSourcesBuildPhase section */
		BF9F830B2534C5CC00EDFF2B /* Sources */ = {
			isa = PBXSourcesBuildPhase;
			buildActionMask = 2147483647;
			files = (
				BF12B062258614AF0026A786 /* NetworkController.swift in Sources */,
				BF12B05E2586149B0026A786 /* DatabaseController.swift in Sources */,
				BF734286257D0C950066E7C2 /* ViewController.swift in Sources */,
				BF12B0652586152E0026A786 /* Wandeling.swift in Sources */,
				BF9F83132534C5CC00EDFF2B /* AppDelegate.swift in Sources */,
				BF734282257CEF920066E7C2 /* SceneDelegate.swift in Sources */,
				BF12B068258615550026A786 /* WandelingOverzicht.swift in Sources */,
			);
			runOnlyForDeploymentPostprocessing = 0;
		};
/* End PBXSourcesBuildPhase section */

/* Begin XCBuildConfiguration section */
		BF9F831C2534C5CF00EDFF2B /* Debug */ = {
			isa = XCBuildConfiguration;
			buildSettings = {
				ALWAYS_SEARCH_USER_PATHS = NO;
				CLANG_ANALYZER_NONNULL = YES;
				CLANG_ANALYZER_NUMBER_OBJECT_CONVERSION = YES_AGGRESSIVE;
				CLANG_CXX_LANGUAGE_STANDARD = "gnu++14";
				CLANG_CXX_LIBRARY = "libc++";
				CLANG_ENABLE_MODULES = YES;
				CLANG_ENABLE_OBJC_ARC = YES;
				CLANG_ENABLE_OBJC_WEAK = YES;
				CLANG_WARN_BLOCK_CAPTURE_AUTORELEASING = YES;
				CLANG_WARN_BOOL_CONVERSION = YES;
				CLANG_WARN_COMMA = YES;
				CLANG_WARN_CONSTANT_CONVERSION = YES;
				CLANG_WARN_DEPRECATED_OBJC_IMPLEMENTATIONS = YES;
				CLANG_WARN_DIRECT_OBJC_ISA_USAGE = YES_ERROR;
				CLANG_WARN_DOCUMENTATION_COMMENTS = YES;
				CLANG_WARN_EMPTY_BODY = YES;
				CLANG_WARN_ENUM_CONVERSION = YES;
				CLANG_WARN_INFINITE_RECURSION = YES;
				CLANG_WARN_INT_CONVERSION = YES;
				CLANG_WARN_NON_LITERAL_NULL_CONVERSION = YES;
				CLANG_WARN_OBJC_IMPLICIT_RETAIN_SELF = YES;
				CLANG_WARN_OBJC_LITERAL_CONVERSION = YES;
				CLANG_WARN_OBJC_ROOT_CLASS = YES_ERROR;
				CLANG_WARN_QUOTED_INCLUDE_IN_FRAMEWORK_HEADER = YES;
				CLANG_WARN_RANGE_LOOP_ANALYSIS = YES;
				CLANG_WARN_STRICT_PROTOTYPES = YES;
				CLANG_WARN_SUSPICIOUS_MOVE = YES;
				CLANG_WARN_UNGUARDED_AVAILABILITY = YES_AGGRESSIVE;
				CLANG_WARN_UNREACHABLE_CODE = YES;
				CLANG_WARN__DUPLICATE_METHOD_MATCH = YES;
				COPY_PHASE_STRIP = NO;
				DEBUG_INFORMATION_FORMAT = dwarf;
				ENABLE_STRICT_OBJC_MSGSEND = YES;
				ENABLE_TESTABILITY = YES;
				GCC_C_LANGUAGE_STANDARD = gnu11;
				GCC_DYNAMIC_NO_PIC = NO;
				GCC_NO_COMMON_BLOCKS = YES;
				GCC_OPTIMIZATION_LEVEL = 0;
				GCC_PREPROCESSOR_DEFINITIONS = (
					"DEBUG=1",
					"$(inherited)",
				);
				GCC_WARN_64_TO_32_BIT_CONVERSION = YES;
				GCC_WARN_ABOUT_RETURN_TYPE = YES_ERROR;
				GCC_WARN_UNDECLARED_SELECTOR = YES;
				GCC_WARN_UNINITIALIZED_AUTOS = YES_AGGRESSIVE;
				GCC_WARN_UNUSED_FUNCTION = YES;
				GCC_WARN_UNUSED_VARIABLE = YES;
				IPHONEOS_DEPLOYMENT_TARGET = 14.0;
				MTL_ENABLE_DEBUG_INFO = INCLUDE_SOURCE;
				MTL_FAST_MATH = YES;
				ONLY_ACTIVE_ARCH = YES;
				SDKROOT = iphoneos;
				SWIFT_ACTIVE_COMPILATION_CONDITIONS = DEBUG;
				SWIFT_OPTIMIZATION_LEVEL = "-Onone";
			};
			name = Debug;
		};
		BF9F831D2534C5CF00EDFF2B /* Release */ = {
			isa = XCBuildConfiguration;
			buildSettings = {
				ALWAYS_SEARCH_USER_PATHS = NO;
				CLANG_ANALYZER_NONNULL = YES;
				CLANG_ANALYZER_NUMBER_OBJECT_CONVERSION = YES_AGGRESSIVE;
				CLANG_CXX_LANGUAGE_STANDARD = "gnu++14";
				CLANG_CXX_LIBRARY = "libc++";
				CLANG_ENABLE_MODULES = YES;
				CLANG_ENABLE_OBJC_ARC = YES;
				CLANG_ENABLE_OBJC_WEAK = YES;
				CLANG_WARN_BLOCK_CAPTURE_AUTORELEASING = YES;
				CLANG_WARN_BOOL_CONVERSION = YES;
				CLANG_WARN_COMMA = YES;
				CLANG_WARN_CONSTANT_CONVERSION = YES;
				CLANG_WARN_DEPRECATED_OBJC_IMPLEMENTATIONS = YES;
				CLANG_WARN_DIRECT_OBJC_ISA_USAGE = YES_ERROR;
				CLANG_WARN_DOCUMENTATION_COMMENTS = YES;
				CLANG_WARN_EMPTY_BODY = YES;
				CLANG_WARN_ENUM_CONVERSION = YES;
				CLANG_WARN_INFINITE_RECURSION = YES;
				CLANG_WARN_INT_CONVERSION = YES;
				CLANG_WARN_NON_LITERAL_NULL_CONVERSION = YES;
				CLANG_WARN_OBJC_IMPLICIT_RETAIN_SELF = YES;
				CLANG_WARN_OBJC_LITERAL_CONVERSION = YES;
				CLANG_WARN_OBJC_ROOT_CLASS = YES_ERROR;
				CLANG_WARN_QUOTED_INCLUDE_IN_FRAMEWORK_HEADER = YES;
				CLANG_WARN_RANGE_LOOP_ANALYSIS = YES;
				CLANG_WARN_STRICT_PROTOTYPES = YES;
				CLANG_WARN_SUSPICIOUS_MOVE = YES;
				CLANG_WARN_UNGUARDED_AVAILABILITY = YES_AGGRESSIVE;
				CLANG_WARN_UNREACHABLE_CODE = YES;
				CLANG_WARN__DUPLICATE_METHOD_MATCH = YES;
				COPY_PHASE_STRIP = NO;
				DEBUG_INFORMATION_FORMAT = "dwarf-with-dsym";
				ENABLE_NS_ASSERTIONS = NO;
				ENABLE_STRICT_OBJC_MSGSEND = YES;
				GCC_C_LANGUAGE_STANDARD = gnu11;
				GCC_NO_COMMON_BLOCKS = YES;
				GCC_WARN_64_TO_32_BIT_CONVERSION = YES;
				GCC_WARN_ABOUT_RETURN_TYPE = YES_ERROR;
				GCC_WARN_UNDECLARED_SELECTOR = YES;
				GCC_WARN_UNINITIALIZED_AUTOS = YES_AGGRESSIVE;
				GCC_WARN_UNUSED_FUNCTION = YES;
				GCC_WARN_UNUSED_VARIABLE = YES;
				IPHONEOS_DEPLOYMENT_TARGET = 14.0;
				MTL_ENABLE_DEBUG_INFO = NO;
				MTL_FAST_MATH = YES;
				SDKROOT = iphoneos;
				SWIFT_COMPILATION_MODE = wholemodule;
				SWIFT_OPTIMIZATION_LEVEL = "-O";
				VALIDATE_PRODUCT = YES;
			};
			name = Release;
		};
		BF9F831F2534C5CF00EDFF2B /* Debug */ = {
			isa = XCBuildConfiguration;
			buildSettings = {
				ASSETCATALOG_COMPILER_APPICON_NAME = AppIcon;
				ASSETCATALOG_COMPILER_GLOBAL_ACCENT_COLOR_NAME = AccentColor;
				CODE_SIGN_STYLE = Automatic;
				DEVELOPMENT_ASSET_PATHS = "";
				ENABLE_PREVIEWS = YES;
				INFOPLIST_FILE = Damiaa_Wandel_App_iOS/Info.plist;
				IPHONEOS_DEPLOYMENT_TARGET = 14.0;
				LD_RUNPATH_SEARCH_PATHS = (
					"$(inherited)",
					"@executable_path/Frameworks",
				);
				PRODUCT_BUNDLE_IDENTIFIER = "com.TanguyBouckaert.Damiaa-Wandel-App-iOS";
				PRODUCT_NAME = "$(TARGET_NAME)";
				SWIFT_VERSION = 5.0;
				TARGETED_DEVICE_FAMILY = "1,2";
			};
			name = Debug;
		};
		BF9F83202534C5CF00EDFF2B /* Release */ = {
			isa = XCBuildConfiguration;
			buildSettings = {
				ASSETCATALOG_COMPILER_APPICON_NAME = AppIcon;
				ASSETCATALOG_COMPILER_GLOBAL_ACCENT_COLOR_NAME = AccentColor;
				CODE_SIGN_STYLE = Automatic;
				DEVELOPMENT_ASSET_PATHS = "";
				ENABLE_PREVIEWS = YES;
				INFOPLIST_FILE = Damiaa_Wandel_App_iOS/Info.plist;
				IPHONEOS_DEPLOYMENT_TARGET = 14.0;
				LD_RUNPATH_SEARCH_PATHS = (
					"$(inherited)",
					"@executable_path/Frameworks",
				);
				PRODUCT_BUNDLE_IDENTIFIER = "com.TanguyBouckaert.Damiaa-Wandel-App-iOS";
				PRODUCT_NAME = "$(TARGET_NAME)";
				SWIFT_VERSION = 5.0;
				TARGETED_DEVICE_FAMILY = "1,2";
			};
			name = Release;
		};
/* End XCBuildConfiguration section */

/* Begin XCConfigurationList section */
		BF9F830A2534C5CC00EDFF2B /* Build configuration list for PBXProject "Damiaa_Wandel_App_iOS" */ = {
			isa = XCConfigurationList;
			buildConfigurations = (
				BF9F831C2534C5CF00EDFF2B /* Debug */,
				BF9F831D2534C5CF00EDFF2B /* Release */,
			);
			defaultConfigurationIsVisible = 0;
			defaultConfigurationName = Release;
		};
		BF9F831E2534C5CF00EDFF2B /* Build configuration list for PBXNativeTarget "Damiaa_Wandel_App_iOS" */ = {
			isa = XCConfigurationList;
			buildConfigurations = (
				BF9F831F2534C5CF00EDFF2B /* Debug */,
				BF9F83202534C5CF00EDFF2B /* Release */,
			);
			defaultConfigurationIsVisible = 0;
			defaultConfigurationName = Release;
		};
/* End XCConfigurationList section */
	};
	rootObject = BF9F83072534C5CC00EDFF2B /* Project object */;
}
